<?xml version="1.0" encoding="utf-8"?>
<Project ToolsVersion="4.0" xmlns="http://schemas.microsoft.com/developer/msbuild/2003">
  <ItemGroup>
    <Filter Include="Source Files">
      <UniqueIdentifier>{4FC737F1-C7A5-4376-A066-2A32D752A2FF}</UniqueIdentifier>
      <Extensions>cpp;c;cc;cxx;def;odl;idl;hpj;bat;asm;asmx</Extensions>
    </Filter>
    <Filter Include="Header Files">
      <UniqueIdentifier>{93995380-89BD-4b04-88EB-625FBE52EBFB}</UniqueIdentifier>
      <Extensions>h;hh;hpp;hxx;hm;inl;inc;xsd</Extensions>
    </Filter>
    <Filter Include="Resource Files">
      <UniqueIdentifier>{67DA6AB6-F800-4c08-8B7A-83BB121AAD01}</UniqueIdentifier>
      <Extensions>rc;ico;cur;bmp;dlg;rc2;rct;bin;rgs;gif;jpg;jpeg;jpe;resx;tiff;tif;png;wav</Extensions>
    </Filter>
  </ItemGroup>
  <ItemGroup>
    <ClCompile Include="src\main.cpp">
      <Filter>Source Files</Filter>
    </ClCompile>
    <ClCompile Include="src\player.cpp">
      <Filter>Source Files</Filter>
    </ClCompile>
    <ClCompile Include="src\animation\animation.cpp">
      <Filter>Source Files</Filter>
    </ClCompile>
    <ClCompile Include="src\asynctasks\parallelTask.cpp">
      <Filter>Source Files</Filter>
    </ClCompile>
    <ClCompile Include="src\command\command.cpp">
      <Filter>Source Files</Filter>
    </ClCompile>
    <ClCompile Include="src\command\CommandQueue.cpp">
      <Filter>Source Files</Filter>
    </ClCompile>
    <ClCompile Include="src\entity\dataTables.cpp">
      <Filter>Source Files</Filter>
    </ClCompile>
    <ClCompile Include="src\entity\entity.cpp">
      <Filter>Source Files</Filter>
    </ClCompile>
    <ClCompile Include="src\game\spriteNode.cpp">
      <Filter>Source Files</Filter>
    </ClCompile>
    <ClCompile Include="src\gui\button.cpp">
      <Filter>Source Files</Filter>
    </ClCompile>
    <ClCompile Include="src\gui\component.cpp">
      <Filter>Source Files</Filter>
    </ClCompile>
    <ClCompile Include="src\gui\container.cpp">
      <Filter>Source Files</Filter>
    </ClCompile>
    <ClCompile Include="src\gui\label.cpp">
      <Filter>Source Files</Filter>
    </ClCompile>
    <ClCompile Include="src\helpers\utility.cpp">
      <Filter>Source Files</Filter>
    </ClCompile>
    <ClCompile Include="src\objects\aircraft.cpp">
      <Filter>Source Files</Filter>
    </ClCompile>
    <ClCompile Include="src\objects\emitterNode.cpp">
      <Filter>Source Files</Filter>
    </ClCompile>
    <ClCompile Include="src\objects\particleNode.cpp">
      <Filter>Source Files</Filter>
    </ClCompile>
    <ClCompile Include="src\objects\pickup.cpp">
      <Filter>Source Files</Filter>
    </ClCompile>
    <ClCompile Include="src\objects\projectile.cpp">
      <Filter>Source Files</Filter>
    </ClCompile>
    <ClCompile Include="src\scene\sceneNode.cpp">
      <Filter>Source Files</Filter>
    </ClCompile>
    <ClCompile Include="src\scene\textNode.cpp">
      <Filter>Source Files</Filter>
    </ClCompile>
    <ClCompile Include="src\scene\world.cpp">
      <Filter>Source Files</Filter>
    </ClCompile>
    <ClCompile Include="src\shaders\BloomEffect.cpp">
      <Filter>Source Files</Filter>
    </ClCompile>
    <ClCompile Include="src\shaders\PostEffect.cpp">
      <Filter>Source Files</Filter>
    </ClCompile>
    <ClCompile Include="src\statearchitecture\application.cpp">
      <Filter>Source Files</Filter>
    </ClCompile>
    <ClCompile Include="src\statearchitecture\state.cpp">
      <Filter>Source Files</Filter>
    </ClCompile>
    <ClCompile Include="src\statearchitecture\stateStack.cpp">
      <Filter>Source Files</Filter>
    </ClCompile>
    <ClCompile Include="src\states\gameOverState.cpp">
      <Filter>Source Files</Filter>
    </ClCompile>
    <ClCompile Include="src\states\gameState.cpp">
      <Filter>Source Files</Filter>
    </ClCompile>
    <ClCompile Include="src\states\loadingState.cpp">
      <Filter>Source Files</Filter>
    </ClCompile>
    <ClCompile Include="src\states\menuState.cpp">
      <Filter>Source Files</Filter>
    </ClCompile>
    <ClCompile Include="src\states\pauseState.cpp">
      <Filter>Source Files</Filter>
    </ClCompile>
    <ClCompile Include="src\states\settingState.cpp">
      <Filter>Source Files</Filter>
    </ClCompile>
    <ClCompile Include="src\states\titleState.cpp">
      <Filter>Source Files</Filter>
    </ClCompile>
  </ItemGroup>
  <ItemGroup>
    <ClInclude Include="src\player.h">
      <Filter>Header Files</Filter>
    </ClInclude>
    <ClInclude Include="src\animation\animation.h">
      <Filter>Header Files</Filter>
    </ClInclude>
    <ClInclude Include="src\asynctasks\parallelTask.h">
      <Filter>Header Files</Filter>
    </ClInclude>
    <ClInclude Include="src\command\command.h">
      <Filter>Header Files</Filter>
    </ClInclude>
    <ClInclude Include="src\command\CommandQueue.h">
      <Filter>Header Files</Filter>
    </ClInclude>
    <ClInclude Include="src\entity\dataTables.h">
      <Filter>Header Files</Filter>
    </ClInclude>
    <ClInclude Include="src\entity\entity.h">
      <Filter>Header Files</Filter>
    </ClInclude>
    <ClInclude Include="src\game\spriteNode.h">
      <Filter>Header Files</Filter>
    </ClInclude>
    <ClInclude Include="src\gui\button.h">
      <Filter>Header Files</Filter>
    </ClInclude>
    <ClInclude Include="src\gui\component.h">
      <Filter>Header Files</Filter>
    </ClInclude>
    <ClInclude Include="src\gui\container.h">
      <Filter>Header Files</Filter>
    </ClInclude>
    <ClInclude Include="src\gui\label.h">
      <Filter>Header Files</Filter>
    </ClInclude>
    <ClInclude Include="src\helpers\utility.h">
      <Filter>Header Files</Filter>
    </ClInclude>
    <ClInclude Include="src\objects\aircraft.h">
      <Filter>Header Files</Filter>
    </ClInclude>
    <ClInclude Include="src\objects\categories.h">
      <Filter>Header Files</Filter>
    </ClInclude>
    <ClInclude Include="src\objects\emitterNode.h">
      <Filter>Header Files</Filter>
    </ClInclude>
    <ClInclude Include="src\objects\particle.h">
      <Filter>Header Files</Filter>
    </ClInclude>
    <ClInclude Include="src\objects\particleNode.h">
      <Filter>Header Files</Filter>
    </ClInclude>
    <ClInclude Include="src\objects\pickup.h">
      <Filter>Header Files</Filter>
    </ClInclude>
    <ClInclude Include="src\objects\projectile.h">
      <Filter>Header Files</Filter>
    </ClInclude>
    <ClInclude Include="src\resources\resourceHolder.hpp">
      <Filter>Header Files</Filter>
    </ClInclude>
    <ClInclude Include="src\resources\resourceIdentifiers.hpp">
      <Filter>Header Files</Filter>
    </ClInclude>
    <ClInclude Include="src\scene\sceneNode.h">
      <Filter>Header Files</Filter>
    </ClInclude>
    <ClInclude Include="src\scene\textNode.h">
      <Filter>Header Files</Filter>
    </ClInclude>
    <ClInclude Include="src\scene\world.h">
      <Filter>Header Files</Filter>
    </ClInclude>
    <ClInclude Include="src\shaders\BloomEffect.h">
      <Filter>Header Files</Filter>
    </ClInclude>
    <ClInclude Include="src\shaders\PostEffect.h">
      <Filter>Header Files</Filter>
    </ClInclude>
    <ClInclude Include="src\statearchitecture\application.h">
      <Filter>Header Files</Filter>
    </ClInclude>
    <ClInclude Include="src\statearchitecture\state.h">
      <Filter>Header Files</Filter>
    </ClInclude>
    <ClInclude Include="src\statearchitecture\stateIdentifiers.h">
      <Filter>Header Files</Filter>
    </ClInclude>
    <ClInclude Include="src\statearchitecture\stateStack.h">
      <Filter>Header Files</Filter>
    </ClInclude>
    <ClInclude Include="src\states\gameOverState.h">
      <Filter>Header Files</Filter>
    </ClInclude>
    <ClInclude Include="src\states\gameState.h">
      <Filter>Header Files</Filter>
    </ClInclude>
    <ClInclude Include="src\states\loadingState.h">
      <Filter>Header Files</Filter>
    </ClInclude>
    <ClInclude Include="src\states\menuState.h">
      <Filter>Header Files</Filter>
    </ClInclude>
    <ClInclude Include="src\states\pauseState.h">
      <Filter>Header Files</Filter>
    </ClInclude>
    <ClInclude Include="src\states\settingState.h">
      <Filter>Header Files</Filter>
    </ClInclude>
    <ClInclude Include="src\states\titleState.h">
      <Filter>Header Files</Filter>
    </ClInclude>
  </ItemGroup>
  <ItemGroup>
    <None Include="src\helpers\utility.inl">
      <Filter>Header Files</Filter>
    </None>
    <None Include="src\resources\resourceHolder.inl">
      <Filter>Header Files</Filter>
    </None>
  </ItemGroup>
</Project>